
Microsoft Visual Studio Solution File, Format Version 11.00
# Visual Studio 2010
Project("{b955b5aa-9c1c-4cd6-9a10-9e34431be3eb}") = "Assembly-UnityScript", "Assembly-UnityScript.unityproj", "{1753851C-AE59-909A-15AB-E3FFE34BC5A0}"
EndProject
Global
	GlobalSection(SolutionConfigurationPlatforms) = preSolution
		Debug|Any CPU = Debug|Any CPU
		Release|Any CPU = Release|Any CPU
	EndGlobalSection
	GlobalSection(ProjectConfigurationPlatforms) = postSolution
		{1753851C-AE59-909A-15AB-E3FFE34BC5A0}.Debug|Any CPU.ActiveCfg = Debug|Any CPU
		{1753851C-AE59-909A-15AB-E3FFE34BC5A0}.Debug|Any CPU.Build.0 = Debug|Any CPU
		{1753851C-AE59-909A-15AB-E3FFE34BC5A0}.Release|Any CPU.ActiveCfg = Release|Any CPU
		{1753851C-AE59-909A-15AB-E3FFE34BC5A0}.Release|Any CPU.Build.0 = Release|Any CPU
	EndGlobalSection
	GlobalSection(MonoDevelopProperties) = preSolution
		StartupItem = Assembly-UnityScript.unityproj
	EndGlobalSection
EndGlobal
